<?xml version="1.0" encoding="utf-8"?>
<Project ToolsVersion="4.0" xmlns="http://schemas.microsoft.com/developer/msbuild/2003">
  <ItemGroup>
    <Filter Include="Source Files">
      <UniqueIdentifier>{4FC737F1-C7A5-4376-A066-2A32D752A2FF}</UniqueIdentifier>
      <Extensions>cpp;c;cc;cxx;def;odl;idl;hpj;bat;asm;asmx</Extensions>
    </Filter>
    <Filter Include="Resource Files">
      <UniqueIdentifier>{67DA6AB6-F800-4c08-8B7A-83BB121AAD01}</UniqueIdentifier>
      <Extensions>rc;ico;cur;bmp;dlg;rc2;rct;bin;rgs;gif;jpg;jpeg;jpe;resx;tiff;tif;png;wav;mfcribbon-ms</Extensions>
    </Filter>
    <Filter Include="Source Files\Public">
      <UniqueIdentifier>{a71ab45c-f55d-4fc9-87ab-789a3d210085}</UniqueIdentifier>
    </Filter>
    <Filter Include="Source Files\Private">
      <UniqueIdentifier>{c85b6262-8ff1-4bbd-9207-663199518ce7}</UniqueIdentifier>
    </Filter>
    <Filter Include="Source Files\Physics">
      <UniqueIdentifier>{3fb1e0ba-2794-47a0-982e-b6545db48cbf}</UniqueIdentifier>
    </Filter>
    <Filter Include="Source Files\Physics\Public">
      <UniqueIdentifier>{172d97bf-1756-4b2c-8f14-b385e796db3a}</UniqueIdentifier>
    </Filter>
    <Filter Include="Source Files\Physics\Private">
      <UniqueIdentifier>{a636d8ec-cb3c-43b1-88f9-b62d8746b568}</UniqueIdentifier>
    </Filter>
    <Filter Include="Source Files\Components">
      <UniqueIdentifier>{e9e6d9c7-35ca-4154-969d-9562a0a50ea7}</UniqueIdentifier>
    </Filter>
    <Filter Include="Source Files\Components\Public">
      <UniqueIdentifier>{473735ca-3f7e-4234-a41a-6a1caaa57562}</UniqueIdentifier>
    </Filter>
    <Filter Include="Source Files\Graphics">
      <UniqueIdentifier>{af1bfa6d-cb05-4742-a053-ecc99791a183}</UniqueIdentifier>
    </Filter>
    <Filter Include="Source Files\Graphics\Public">
      <UniqueIdentifier>{aaba0e2a-ae21-42a5-8224-500fb0125a34}</UniqueIdentifier>
    </Filter>
    <Filter Include="Source Files\Graphics\Private">
      <UniqueIdentifier>{bf321f82-4fc3-43a6-bbb1-750e1fc10a02}</UniqueIdentifier>
    </Filter>
    <Filter Include="Source Files\GameObject">
      <UniqueIdentifier>{65bbf502-ec3d-4427-894a-08bed08d35bd}</UniqueIdentifier>
    </Filter>
    <Filter Include="Source Files\GameObject\Public">
      <UniqueIdentifier>{afdad64a-619f-46a0-890c-869b9b08f842}</UniqueIdentifier>
    </Filter>
    <Filter Include="Source Files\GameObject\Private">
      <UniqueIdentifier>{9c7fe74c-d5c3-4c92-9e00-cff87c4ac65c}</UniqueIdentifier>
    </Filter>
    <Filter Include="Source Files\Containers">
      <UniqueIdentifier>{bd580707-8035-475e-8fce-57244d7ae796}</UniqueIdentifier>
    </Filter>
    <Filter Include="Source Files\Containers\Public">
      <UniqueIdentifier>{d26684e1-3427-4281-89b6-07d7e99cf479}</UniqueIdentifier>
    </Filter>
    <Filter Include="Source Files\Timing">
      <UniqueIdentifier>{f3a4d278-7554-4b3d-ab12-29093b956f20}</UniqueIdentifier>
    </Filter>
    <Filter Include="Source Files\Timing\Public">
      <UniqueIdentifier>{97ed090f-362a-49ed-ade5-db8433a297e8}</UniqueIdentifier>
    </Filter>
    <Filter Include="Source Files\Timing\Private">
      <UniqueIdentifier>{d05581b2-1bc0-438e-b949-0220ee874181}</UniqueIdentifier>
    </Filter>
    <Filter Include="Source Files\Input">
      <UniqueIdentifier>{c5783305-9cef-4559-8129-38fe55be2c69}</UniqueIdentifier>
    </Filter>
    <Filter Include="Source Files\Input\Public">
      <UniqueIdentifier>{732eac8b-f08c-4065-b99b-9564d17dced3}</UniqueIdentifier>
    </Filter>
    <Filter Include="Source Files\Input\Private">
      <UniqueIdentifier>{1f91b3be-ee89-4934-9484-b8716eae01c8}</UniqueIdentifier>
    </Filter>
    <Filter Include="Source Files\External">
      <UniqueIdentifier>{617edae2-df05-4c71-ae0b-8e65b08c2f75}</UniqueIdentifier>
    </Filter>
    <Filter Include="Source Files\Helpers">
      <UniqueIdentifier>{e154027d-9a84-4c92-96a8-14127c76df4e}</UniqueIdentifier>
    </Filter>
    <Filter Include="Source Files\Helpers\Public">
      <UniqueIdentifier>{d810f8e2-64aa-4453-8460-30328abf62ac}</UniqueIdentifier>
    </Filter>
    <Filter Include="Source Files\Helpers\Private">
      <UniqueIdentifier>{ea4277b2-38be-455d-a9cb-f9d6ce0cc0d7}</UniqueIdentifier>
    </Filter>
    <Filter Include="Source Files\World">
      <UniqueIdentifier>{f6979584-2437-4ef1-81ad-3a046ced0cae}</UniqueIdentifier>
    </Filter>
    <Filter Include="Source Files\World\Public">
      <UniqueIdentifier>{fdb78989-f8c0-4ff0-a8ca-c25a7f33904d}</UniqueIdentifier>
    </Filter>
    <Filter Include="Source Files\World\Private">
      <UniqueIdentifier>{e679d0a7-24a3-4437-a6ff-5d986b2fd8f4}</UniqueIdentifier>
    </Filter>
    <Filter Include="Source Files\Spawning">
      <UniqueIdentifier>{e80a8872-7ce0-486a-bdac-cd127dda2af9}</UniqueIdentifier>
    </Filter>
    <Filter Include="Source Files\Spawning\Private">
      <UniqueIdentifier>{b68859c7-5cb0-49aa-9996-f34efaf94811}</UniqueIdentifier>
    </Filter>
    <Filter Include="Source Files\Spawning\Public">
      <UniqueIdentifier>{76dc9780-c5c6-4cb7-b394-c8965200a8d2}</UniqueIdentifier>
    </Filter>
    <Filter Include="Source Files\HashedString">
      <UniqueIdentifier>{b923eb81-01ea-4694-b19b-dc470966db26}</UniqueIdentifier>
    </Filter>
    <Filter Include="Source Files\HashedString\Public">
      <UniqueIdentifier>{63928e7f-136b-4665-9b1a-d40ac24eb909}</UniqueIdentifier>
    </Filter>
    <Filter Include="Source Files\HashedString\Private">
      <UniqueIdentifier>{5a222959-a3c9-476e-ada5-0a1856200edf}</UniqueIdentifier>
    </Filter>
    <Filter Include="Source Files\JobSystem">
      <UniqueIdentifier>{4073c3dd-76cf-42d8-9b95-bfac1aa8ff39}</UniqueIdentifier>
    </Filter>
    <Filter Include="Source Files\JobSystem\Public">
      <UniqueIdentifier>{b230e237-295f-4658-8cab-f35c4761230b}</UniqueIdentifier>
    </Filter>
    <Filter Include="Source Files\JobSystem\Private">
      <UniqueIdentifier>{d29b4e68-4886-41e6-a508-ed24eaa3753f}</UniqueIdentifier>
    </Filter>
    <Filter Include="Source Files\Console">
      <UniqueIdentifier>{68579839-3fef-48cd-b9ac-8d1aec83df12}</UniqueIdentifier>
    </Filter>
    <Filter Include="Source Files\Console\Public">
      <UniqueIdentifier>{76f669c4-ace3-4ac3-ace3-5c827ea9ccb3}</UniqueIdentifier>
    </Filter>
    <Filter Include="Source Files\Console\Private">
      <UniqueIdentifier>{25a411dd-2cd0-4f13-9365-f866ab603955}</UniqueIdentifier>
    </Filter>
    <Filter Include="Source Files\Synchronization">
      <UniqueIdentifier>{1f98cebd-e6ff-4ac5-a56c-e93da1792eec}</UniqueIdentifier>
    </Filter>
    <Filter Include="Source Files\Synchronization\Public">
      <UniqueIdentifier>{53199278-6d81-413d-bce7-82ca1675a86a}</UniqueIdentifier>
    </Filter>
    <Filter Include="Source Files\Synchronization\Private">
      <UniqueIdentifier>{00400969-bb9c-4ecc-9d0f-f4cf8b69dc3b}</UniqueIdentifier>
    </Filter>
    <Filter Include="Source Files\Containers\Private">
      <UniqueIdentifier>{21c7dd00-93c9-4e08-9a18-c57fa65e55ea}</UniqueIdentifier>
    </Filter>
    <Filter Include="Source Files\Physics\Collision">
      <UniqueIdentifier>{4a8220a2-bd7e-46ca-9cff-8a12e3901dc9}</UniqueIdentifier>
    </Filter>
    <Filter Include="Source Files\Physics\Collision\Public">
      <UniqueIdentifier>{6d9bb952-31f6-4082-8f41-519339b3a536}</UniqueIdentifier>
    </Filter>
    <Filter Include="Source Files\Physics\Collision\Private">
      <UniqueIdentifier>{3926332a-b1f9-4a5c-bfdb-4e724aec6d16}</UniqueIdentifier>
    </Filter>
  </ItemGroup>
  <ItemGroup>
    <ClInclude Include="Public\Engine.h">
      <Filter>Source Files\Public</Filter>
    </ClInclude>
    <ClInclude Include="Physics\Public\Physics.h">
      <Filter>Source Files\Physics\Public</Filter>
    </ClInclude>
    <ClInclude Include="Components\Public\ComponentType.h">
      <Filter>Source Files\Components\Public</Filter>
    </ClInclude>
    <ClInclude Include="Components\Public\IGOComponent.h">
      <Filter>Source Files\Components\Public</Filter>
    </ClInclude>
    <ClInclude Include="Graphics\Public\Graphics.h">
      <Filter>Source Files\Graphics\Public</Filter>
    </ClInclude>
    <ClInclude Include="GameObject\Public\GameObject.h">
      <Filter>Source Files\GameObject\Public</Filter>
    </ClInclude>
    <ClInclude Include="GameObject\Public\GameObject-inl.h">
      <Filter>Source Files\GameObject\Public</Filter>
    </ClInclude>
    <ClInclude Include="Containers\Public\Point2D.h">
      <Filter>Source Files\Containers\Public</Filter>
    </ClInclude>
    <ClInclude Include="Containers\Public\Point2D-inl.h">
      <Filter>Source Files\Containers\Public</Filter>
    </ClInclude>
    <ClInclude Include="Timing\Public\Timing.h">
      <Filter>Source Files\Timing\Public</Filter>
    </ClInclude>
    <ClInclude Include="Input\Public\Input.h">
      <Filter>Source Files\Input\Public</Filter>
    </ClInclude>
    <ClInclude Include="Graphics\Public\RenderData.h">
      <Filter>Source Files\Graphics\Public</Filter>
    </ClInclude>
    <ClInclude Include="Physics\Public\PhysicsInfo.h">
      <Filter>Source Files\Physics\Public</Filter>
    </ClInclude>
    <ClInclude Include="Containers\Public\ReferenceCount.h">
      <Filter>Source Files\Containers\Public</Filter>
    </ClInclude>
    <ClInclude Include="Helpers\Public\FloatHelpers.h">
      <Filter>Source Files\Helpers\Public</Filter>
    </ClInclude>
    <ClInclude Include="Containers\Public\Pointers.h">
      <Filter>Source Files\Containers\Public</Filter>
    </ClInclude>
    <ClInclude Include="Containers\Public\Pointers-inl.h">
      <Filter>Source Files\Containers\Public</Filter>
    </ClInclude>
    <ClInclude Include="World\Public\World.h">
      <Filter>Source Files\World\Public</Filter>
    </ClInclude>
    <ClInclude Include="External\json.h">
      <Filter>Source Files\External</Filter>
    </ClInclude>
    <ClInclude Include="Spawning\Public\ObjectSpawner.h">
      <Filter>Source Files\Spawning\Public</Filter>
    </ClInclude>
    <ClInclude Include="HashedString\Public\HashedString.h">
      <Filter>Source Files\HashedString\Public</Filter>
    </ClInclude>
    <ClInclude Include="HashedString\Public\HashedString-inl.h">
      <Filter>Source Files\HashedString\Public</Filter>
    </ClInclude>
    <ClInclude Include="JobSystem\Public\IJob.h">
      <Filter>Source Files\JobSystem\Public</Filter>
    </ClInclude>
    <ClInclude Include="JobSystem\Public\INamed.h">
      <Filter>Source Files\JobSystem\Public</Filter>
    </ClInclude>
    <ClInclude Include="JobSystem\Public\JobRunner.h">
      <Filter>Source Files\JobSystem\Public</Filter>
    </ClInclude>
    <ClInclude Include="JobSystem\Public\JobSystem.h">
      <Filter>Source Files\JobSystem\Public</Filter>
    </ClInclude>
    <ClInclude Include="JobSystem\Public\SharedJobQueue.h">
      <Filter>Source Files\JobSystem\Public</Filter>
    </ClInclude>
    <ClInclude Include="JobSystem\Public\SharedJobQueue-inl.h">
      <Filter>Source Files\JobSystem\Public</Filter>
    </ClInclude>
    <ClInclude Include="Console\Public\ConsolePrint.h">
      <Filter>Source Files\Console\Public</Filter>
    </ClInclude>
    <ClInclude Include="Synchronization\Public\Events.h">
      <Filter>Source Files\Synchronization\Public</Filter>
    </ClInclude>
    <ClInclude Include="Synchronization\Public\Mutex.h">
      <Filter>Source Files\Synchronization\Public</Filter>
    </ClInclude>
    <ClInclude Include="Synchronization\Public\ScopeLock.h">
      <Filter>Source Files\Synchronization\Public</Filter>
    </ClInclude>
    <ClInclude Include="Synchronization\Public\Semaphore.h">
      <Filter>Source Files\Synchronization\Public</Filter>
    </ClInclude>
    <ClInclude Include="Synchronization\Public\SingleWriterMultipleReader.h">
      <Filter>Source Files\Synchronization\Public</Filter>
    </ClInclude>
    <ClInclude Include="Synchronization\Public\WaitableObject.h">
      <Filter>Source Files\Synchronization\Public</Filter>
    </ClInclude>
    <ClInclude Include="Containers\Public\Vector4.h">
      <Filter>Source Files\Containers\Public</Filter>
    </ClInclude>
    <ClInclude Include="Containers\Public\Vector4-inl.h">
      <Filter>Source Files\Containers\Public</Filter>
    </ClInclude>
    <ClInclude Include="Containers\Public\Matrix4.h">
      <Filter>Source Files\Containers\Public</Filter>
    </ClInclude>
    <ClInclude Include="Containers\Public\Matrix4-inl.h">
      <Filter>Source Files\Containers\Public</Filter>
    </ClInclude>
    <ClInclude Include="Physics\Collision\Public\AABB.h">
      <Filter>Source Files\Physics\Collision\Public</Filter>
    </ClInclude>
    <ClInclude Include="Physics\Collision\Public\Collideable.h">
      <Filter>Source Files\Physics\Collision\Public</Filter>
    </ClInclude>
    <ClInclude Include="Physics\Collision\Public\Collision.h">
      <Filter>Source Files\Physics\Collision\Public</Filter>
    </ClInclude>
    <ClInclude Include="Physics\Collision\Public\Collideable-inl.h">
      <Filter>Source Files\Physics\Collision\Public</Filter>
    </ClInclude>
    <ClInclude Include="Components\Public\HealthComponent.h">
      <Filter>Source Files\Components\Public</Filter>
    </ClInclude>
    <ClInclude Include="Components\Public\HealthComponent-inl.h">
      <Filter>Source Files\Components\Public</Filter>
    </ClInclude>
    <ClInclude Include="Components\Public\RandomSpawnComponent.h">
      <Filter>Source Files\Components\Public</Filter>
    </ClInclude>
    <ClInclude Include="Components\Public\RandomSpawnComponent-inl.h">
      <Filter>Source Files\Components\Public</Filter>
    </ClInclude>
  </ItemGroup>
  <ItemGroup>
    <ClCompile Include="Private\Engine.cpp">
      <Filter>Source Files\Private</Filter>
    </ClCompile>
    <ClCompile Include="Physics\Private\Physics.cpp">
      <Filter>Source Files\Physics\Private</Filter>
    </ClCompile>
    <ClCompile Include="Graphics\Private\Graphics.cpp">
      <Filter>Source Files\Graphics\Private</Filter>
    </ClCompile>
    <ClCompile Include="GameObject\Private\GameObject.cpp">
      <Filter>Source Files\GameObject\Private</Filter>
    </ClCompile>
    <ClCompile Include="Timing\Private\Timing.cpp">
      <Filter>Source Files\Timing\Private</Filter>
    </ClCompile>
    <ClCompile Include="Input\Private\Input.cpp">
      <Filter>Source Files\Input\Private</Filter>
    </ClCompile>
    <ClCompile Include="Graphics\Private\RenderData.cpp">
      <Filter>Source Files\Graphics\Private</Filter>
    </ClCompile>
    <ClCompile Include="Physics\Private\PhysicsInfo.cpp">
      <Filter>Source Files\Physics\Private</Filter>
    </ClCompile>
    <ClCompile Include="Helpers\Private\FloatHelpers.cpp">
      <Filter>Source Files\Helpers\Private</Filter>
    </ClCompile>
    <ClCompile Include="World\Private\World.cpp">
      <Filter>Source Files\World\Private</Filter>
    </ClCompile>
    <ClCompile Include="Spawning\Private\ObjectSpawner.cpp">
      <Filter>Source Files\Spawning\Private</Filter>
    </ClCompile>
    <ClCompile Include="HashedString\Private\HashedString.cpp">
      <Filter>Source Files\HashedString\Private</Filter>
    </ClCompile>
    <ClCompile Include="JobSystem\Private\IJob.cpp">
      <Filter>Source Files\JobSystem\Private</Filter>
    </ClCompile>
    <ClCompile Include="JobSystem\Private\JobRunner.cpp">
      <Filter>Source Files\JobSystem\Private</Filter>
    </ClCompile>
    <ClCompile Include="JobSystem\Private\JobSystem.cpp">
      <Filter>Source Files\JobSystem\Private</Filter>
    </ClCompile>
    <ClCompile Include="JobSystem\Private\SharedJobQueue.cpp">
      <Filter>Source Files\JobSystem\Private</Filter>
    </ClCompile>
    <ClCompile Include="Console\Private\ConsolePrint.Win32.cpp">
      <Filter>Source Files\Console\Private</Filter>
    </ClCompile>
    <ClCompile Include="Synchronization\Private\Events.cpp">
      <Filter>Source Files\Synchronization\Private</Filter>
    </ClCompile>
    <ClCompile Include="Synchronization\Private\Mutex.cpp">
      <Filter>Source Files\Synchronization\Private</Filter>
    </ClCompile>
    <ClCompile Include="Synchronization\Private\Semaphore.cpp">
      <Filter>Source Files\Synchronization\Private</Filter>
    </ClCompile>
    <ClCompile Include="Containers\Private\Matrix4.cpp">
      <Filter>Source Files\Containers\Private</Filter>
    </ClCompile>
    <ClCompile Include="Containers\Private\Vector4.cpp">
      <Filter>Source Files\Containers\Private</Filter>
    </ClCompile>
    <ClCompile Include="Physics\Collision\Private\Collision.cpp">
      <Filter>Source Files\Physics\Collision\Private</Filter>
    </ClCompile>
  </ItemGroup>
</Project>